{
  "name": "hugo-bootstrap5",
  "version": "1.0.0",
  "lockfileVersion": 1,
  "requires": true,
  "dependencies": {
    "@popperjs/core": {
      "version": "2.9.3",
      "resolved": "https://registry.npmjs.org/@popperjs/core/-/core-2.9.3.tgz",
      "integrity": "sha512-xDu17cEfh7Kid/d95kB6tZsLOmSWKCZKtprnhVepjsSaCij+lM3mItSJDuuHDMbCWTh8Ejmebwb+KONcCJ0eXQ=="
    },
    "@vue/reactivity": {
      "version": "3.2.6",
      "resolved": "https://registry.npmjs.org/@vue/reactivity/-/reactivity-3.2.6.tgz",
      "integrity": "sha512-8vIDD2wpCnYisNNZjmcIj+Rixn0uhZNY3G1vzlgdVdLygeRSuFjkmnZk6WwvGzUWpKfnG0e/NUySM3mVi59hAA==",
      "requires": {
        "@vue/shared": "3.2.6"
      }
    },
    "@vue/shared": {
      "version": "3.2.6",
      "resolved": "https://registry.npmjs.org/@vue/shared/-/shared-3.2.6.tgz",
      "integrity": "sha512-uwX0Qs2e6kdF+WmxwuxJxOnKs/wEkMArtYpHSm7W+VY/23Tl8syMRyjnzEeXrNCAP0/8HZxEGkHJsjPEDNRuHw=="
    },
    "alpinejs": {
      "version": "3.2.4",
      "resolved": "https://registry.npmjs.org/alpinejs/-/alpinejs-3.2.4.tgz",
      "integrity": "sha512-nUHI7QarOyqFX1vKTP5MC54yBFh9/J+YyxE50aP3lb6aZGxwX0HIPGVuAwy2SXQFP45P4/jKHv1LOuvRp/etiQ==",
      "requires": {
        "@vue/reactivity": "^3.0.2"
      }
    },
    "bootstrap": {
      "version": "5.1.0",
      "resolved": "https://registry.npmjs.org/bootstrap/-/bootstrap-5.1.0.tgz",
      "integrity": "sha512-bs74WNI9BgBo3cEovmdMHikSKoXnDgA6VQjJ7TyTotU6L7d41ZyCEEelPwkYEzsG/Zjv3ie9IE3EMAje0W9Xew=="
    }
  }
}
